
Microsoft Visual Studio Solution File, Format Version 12.00
# Visual Studio 15
VisualStudioVersion = 15.0.27703.2000
MinimumVisualStudioVersion = 10.0.40219.1
Project("{9A19103F-16F7-4668-BE54-9A1E7A4F7556}") = "Chic", "src\Chic\Chic.csproj", "{E7B02D1F-8583-4FB3-8871-BE81597867CA}"
EndProject
Global
	GlobalSection(SolutionConfigurationPlatforms) = preSolution
		Debug|Any CPU = Debug|Any CPU
		Release|Any CPU = Release|Any CPU
	EndGlobalSection
	GlobalSection(ProjectConfigurationPlatforms) = postSolution
		{E7B02D1F-8583-4FB3-8871-BE81597867CA}.Debug|Any CPU.ActiveCfg = Debug|Any CPU
		{E7B02D1F-8583-4FB3-8871-BE81597867CA}.Debug|Any CPU.Build.0 = Debug|Any CPU
		{E7B02D1F-8583-4FB3-8871-BE81597867CA}.Release|Any CPU.ActiveCfg = Release|Any CPU
		{E7B02D1F-8583-4FB3-8871-BE81597867CA}.Release|Any CPU.Build.0 = Release|Any CPU
	EndGlobalSection
	GlobalSection(SolutionProperties) = preSolution
		HideSolutionNode = FALSE
	EndGlobalSection
	GlobalSection(ExtensibilityGlobals) = postSolution
		SolutionGuid = {F295134B-5E36-484E-8502-9A77649998BF}
	EndGlobalSection
EndGlobal
